// !$*UTF8*$!
{
	archiveVersion = 1;
	classes = {
	};
	objectVersion = 56;
	objects = {

/* Begin PBXBuildFile section */
		EB2D01A12BF67AFF00DF08DF /* PopUpResultFPhysicalTouch.swift in Sources */ = {isa = PBXBuildFile; fileRef = EB2D01A02BF67AFF00DF08DF /* PopUpResultFPhysicalTouch.swift */; };
		EB2D01A92BF6824900DF08DF /* LilitaOne-Regular.ttf in Resources */ = {isa = PBXBuildFile; fileRef = EB2D01A82BF6824900DF08DF /* LilitaOne-Regular.ttf */; };
		EB86F2752BF2AE2A002BB9F6 /* aquariumApp.swift in Sources */ = {isa = PBXBuildFile; fileRef = EB86F2742BF2AE2A002BB9F6 /* aquariumApp.swift */; };
		EB86F2772BF2AE2A002BB9F6 /* ContentView.swift in Sources */ = {isa = PBXBuildFile; fileRef = EB86F2762BF2AE2A002BB9F6 /* ContentView.swift */; };
		EB86F2792BF2AE2B002BB9F6 /* Assets.xcassets in Resources */ = {isa = PBXBuildFile; fileRef = EB86F2782BF2AE2B002BB9F6 /* Assets.xcassets */; };
		EB86F27C2BF2AE2B002BB9F6 /* Preview Assets.xcassets in Resources */ = {isa = PBXBuildFile; fileRef = EB86F27B2BF2AE2B002BB9F6 /* Preview Assets.xcassets */; };
		EBAE7D2A2BF5204E00447891 /* loveLanguageSelection.swift in Sources */ = {isa = PBXBuildFile; fileRef = EBAE7D292BF5204E00447891 /* loveLanguageSelection.swift */; };
		EBAE7D462BF542FF00447891 /* MoreInfoPopUp.swift in Sources */ = {isa = PBXBuildFile; fileRef = EBAE7D452BF542FF00447891 /* MoreInfoPopUp.swift */; };
/* End PBXBuildFile section */

/* Begin PBXFileReference section */
		EB2D01A02BF67AFF00DF08DF /* PopUpResultFPhysicalTouch.swift */ = {isa = PBXFileReference; lastKnownFileType = sourcecode.swift; path = PopUpResultFPhysicalTouch.swift; sourceTree = "<group>"; };
		EB2D01A82BF6824900DF08DF /* LilitaOne-Regular.ttf */ = {isa = PBXFileReference; lastKnownFileType = file; name = "LilitaOne-Regular.ttf"; path = "../../../../../../Downloads/Lilita_One/LilitaOne-Regular.ttf"; sourceTree = "<group>"; };
		EB2D01AA2BF6848800DF08DF /* Info.plist */ = {isa = PBXFileReference; lastKnownFileType = text.plist; path = Info.plist; sourceTree = "<group>"; };
		EB86F2712BF2AE2A002BB9F6 /* aquarium.app */ = {isa = PBXFileReference; explicitFileType = wrapper.application; includeInIndex = 0; path = aquarium.app; sourceTree = BUILT_PRODUCTS_DIR; };
		EB86F2742BF2AE2A002BB9F6 /* aquariumApp.swift */ = {isa = PBXFileReference; lastKnownFileType = sourcecode.swift; path = aquariumApp.swift; sourceTree = "<group>"; };
		EB86F2762BF2AE2A002BB9F6 /* ContentView.swift */ = {isa = PBXFileReference; lastKnownFileType = sourcecode.swift; path = ContentView.swift; sourceTree = "<group>"; };
		EB86F2782BF2AE2B002BB9F6 /* Assets.xcassets */ = {isa = PBXFileReference; lastKnownFileType = folder.assetcatalog; path = Assets.xcassets; sourceTree = "<group>"; };
		EB86F27B2BF2AE2B002BB9F6 /* Preview Assets.xcassets */ = {isa = PBXFileReference; lastKnownFileType = folder.assetcatalog; path = "Preview Assets.xcassets"; sourceTree = "<group>"; };
		EBAE7D292BF5204E00447891 /* loveLanguageSelection.swift */ = {isa = PBXFileReference; lastKnownFileType = sourcecode.swift; path = loveLanguageSelection.swift; sourceTree = "<group>"; };
		EBAE7D452BF542FF00447891 /* MoreInfoPopUp.swift */ = {isa = PBXFileReference; lastKnownFileType = sourcecode.swift; path = MoreInfoPopUp.swift; sourceTree = "<group>"; };
/* End PBXFileReference section */

/* Begin PBXFrameworksBuildPhase section */
		EB86F26E2BF2AE2A002BB9F6 /* Frameworks */ = {
			isa = PBXFrameworksBuildPhase;
			buildActionMask = 2147483647;
			files = (
			);
			runOnlyForDeploymentPostprocessing = 0;
		};
/* End PBXFrameworksBuildPhase section */

/* Begin PBXGroup section */
		EB2D01A62BF6813E00DF08DF /* fonts */ = {
			isa = PBXGroup;
			children = (
				EB2D01A82BF6824900DF08DF /* LilitaOne-Regular.ttf */,
			);
			path = fonts;
			sourceTree = "<group>";
		};
		EB86F2682BF2AE2A002BB9F6 = {
			isa = PBXGroup;
			children = (
				EB86F2732BF2AE2A002BB9F6 /* aquarium */,
				EB86F2722BF2AE2A002BB9F6 /* Products */,
			);
			sourceTree = "<group>";
		};
		EB86F2722BF2AE2A002BB9F6 /* Products */ = {
			isa = PBXGroup;
			children = (
				EB86F2712BF2AE2A002BB9F6 /* aquarium.app */,
			);
			name = Products;
			sourceTree = "<group>";
		};
		EB86F2732BF2AE2A002BB9F6 /* aquarium */ = {
			isa = PBXGroup;
			children = (
				EB2D01AA2BF6848800DF08DF /* Info.plist */,
				EB2D01A62BF6813E00DF08DF /* fonts */,
				EB86F2742BF2AE2A002BB9F6 /* aquariumApp.swift */,
				EB86F2762BF2AE2A002BB9F6 /* ContentView.swift */,
				EBAE7D292BF5204E00447891 /* loveLanguageSelection.swift */,
				EBAE7D452BF542FF00447891 /* MoreInfoPopUp.swift */,
				EB2D01A02BF67AFF00DF08DF /* PopUpResultFPhysicalTouch.swift */,
				EB86F2782BF2AE2B002BB9F6 /* Assets.xcassets */,
				EB86F27A2BF2AE2B002BB9F6 /* Preview Content */,
			);
			path = aquarium;
			sourceTree = "<group>";
		};
		EB86F27A2BF2AE2B002BB9F6 /* Preview Content */ = {
			isa = PBXGroup;
			children = (
				EB86F27B2BF2AE2B002BB9F6 /* Preview Assets.xcassets */,
			);
			path = "Preview Content";
			sourceTree = "<group>";
		};
/* End PBXGroup section */

/* Begin PBXNativeTarget section */
		EB86F2702BF2AE2A002BB9F6 /* aquarium */ = {
			isa = PBXNativeTarget;
			buildConfigurationList = EB86F27F2BF2AE2B002BB9F6 /* Build configuration list for PBXNativeTarget "aquarium" */;
			buildPhases = (
				EB86F26D2BF2AE2A002BB9F6 /* Sources */,
				EB86F26E2BF2AE2A002BB9F6 /* Frameworks */,
				EB86F26F2BF2AE2A002BB9F6 /* Resources */,
			);
			buildRules = (
			);
			dependencies = (
			);
			name = aquarium;
			productName = aquarium;
			productReference = EB86F2712BF2AE2A002BB9F6 /* aquarium.app */;
			productType = "com.apple.product-type.application";
		};
/* End PBXNativeTarget section */

/* Begin PBXProject section */
		EB86F2692BF2AE2A002BB9F6 /* Project object */ = {
			isa = PBXProject;
			attributes = {
				BuildIndependentTargetsInParallel = 1;
				LastSwiftUpdateCheck = 1530;
				LastUpgradeCheck = 1530;
				TargetAttributes = {
					EB86F2702BF2AE2A002BB9F6 = {
						CreatedOnToolsVersion = 15.3;
					};
				};
			};
			buildConfigurationList = EB86F26C2BF2AE2A002BB9F6 /* Build configuration list for PBXProject "aquarium" */;
			compatibilityVersion = "Xcode 14.0";
			developmentRegion = en;
			hasScannedForEncodings = 0;
			knownRegions = (
				en,
				Base,
			);
			mainGroup = EB86F2682BF2AE2A002BB9F6;
			productRefGroup = EB86F2722BF2AE2A002BB9F6 /* Products */;
			projectDirPath = "";
			projectRoot = "";
			targets = (
				EB86F2702BF2AE2A002BB9F6 /* aquarium */,
			);
		};
/* End PBXProject section */

/* Begin PBXResourcesBuildPhase section */
		EB86F26F2BF2AE2A002BB9F6 /* Resources */ = {
			isa = PBXResourcesBuildPhase;
			buildActionMask = 2147483647;
			files = (
				EB86F27C2BF2AE2B002BB9F6 /* Preview Assets.xcassets in Resources */,
				EB2D01A92BF6824900DF08DF /* LilitaOne-Regular.ttf in Resources */,
				EB86F2792BF2AE2B002BB9F6 /* Assets.xcassets in Resources */,
			);
			runOnlyForDeploymentPostprocessing = 0;
		};
/* End PBXResourcesBuildPhase section */

/* Begin PBXSourcesBuildPhase section */
		EB86F26D2BF2AE2A002BB9F6 /* Sources */ = {
			isa = PBXSourcesBuildPhase;
			buildActionMask = 2147483647;
			files = (
				EBAE7D2A2BF5204E00447891 /* loveLanguageSelection.swift in Sources */,
				EBAE7D462BF542FF00447891 /* MoreInfoPopUp.swift in Sources */,
				EB86F2772BF2AE2A002BB9F6 /* ContentView.swift in Sources */,
				EB86F2752BF2AE2A002BB9F6 /* aquariumApp.swift in Sources */,
				EB2D01A12BF67AFF00DF08DF /* PopUpResultFPhysicalTouch.swift in Sources */,
			);
			runOnlyForDeploymentPostprocessing = 0;
		};
/* End PBXSourcesBuildPhase section */

/* Begin XCBuildConfiguration section */
		EB86F27D2BF2AE2B002BB9F6 /* Debug */ = {
			isa = XCBuildConfiguration;
			buildSettings = {
				ALWAYS_SEARCH_USER_PATHS = NO;
				ASSETCATALOG_COMPILER_GENERATE_SWIFT_ASSET_SYMBOL_EXTENSIONS = YES;
				CLANG_ANALYZER_NONNULL = YES;
				CLANG_ANALYZER_NUMBER_OBJECT_CONVERSION = YES_AGGRESSIVE;
				CLANG_CXX_LANGUAGE_STANDARD = "gnu++20";
				CLANG_ENABLE_MODULES = YES;
				CLANG_ENABLE_OBJC_ARC = YES;
				CLANG_ENABLE_OBJC_WEAK = YES;
				CLANG_WARN_BLOCK_CAPTURE_AUTORELEASING = YES;
				CLANG_WARN_BOOL_CONVERSION = YES;
				CLANG_WARN_COMMA = YES;
				CLANG_WARN_CONSTANT_CONVERSION = YES;
				CLANG_WARN_DEPRECATED_OBJC_IMPLEMENTATIONS = YES;
				CLANG_WARN_DIRECT_OBJC_ISA_USAGE = YES_ERROR;
				CLANG_WARN_DOCUMENTATION_COMMENTS = YES;
				CLANG_WARN_EMPTY_BODY = YES;
				CLANG_WARN_ENUM_CONVERSION = YES;
				CLANG_WARN_INFINITE_RECURSION = YES;
				CLANG_WARN_INT_CONVERSION = YES;
				CLANG_WARN_NON_LITERAL_NULL_CONVERSION = YES;
				CLANG_WARN_OBJC_IMPLICIT_RETAIN_SELF = YES;
				CLANG_WARN_OBJC_LITERAL_CONVERSION = YES;
				CLANG_WARN_OBJC_ROOT_CLASS = YES_ERROR;
				CLANG_WARN_QUOTED_INCLUDE_IN_FRAMEWORK_HEADER = YES;
				CLANG_WARN_RANGE_LOOP_ANALYSIS = YES;
				CLANG_WARN_STRICT_PROTOTYPES = YES;
				CLANG_WARN_SUSPICIOUS_MOVE = YES;
				CLANG_WARN_UNGUARDED_AVAILABILITY = YES_AGGRESSIVE;
				CLANG_WARN_UNREACHABLE_CODE = YES;
				CLANG_WARN__DUPLICATE_METHOD_MATCH = YES;
				COPY_PHASE_STRIP = NO;
				DEBUG_INFORMATION_FORMAT = dwarf;
				ENABLE_STRICT_OBJC_MSGSEND = YES;
				ENABLE_TESTABILITY = YES;
				ENABLE_USER_SCRIPT_SANDBOXING = YES;
				GCC_C_LANGUAGE_STANDARD = gnu17;
				GCC_DYNAMIC_NO_PIC = NO;
				GCC_NO_COMMON_BLOCKS = YES;
				GCC_OPTIMIZATION_LEVEL = 0;
				GCC_PREPROCESSOR_DEFINITIONS = (
					"DEBUG=1",
					"$(inherited)",
				);
				GCC_WARN_64_TO_32_BIT_CONVERSION = YES;
				GCC_WARN_ABOUT_RETURN_TYPE = YES_ERROR;
				GCC_WARN_UNDECLARED_SELECTOR = YES;
				GCC_WARN_UNINITIALIZED_AUTOS = YES_AGGRESSIVE;
				GCC_WARN_UNUSED_FUNCTION = YES;
				GCC_WARN_UNUSED_VARIABLE = YES;
				IPHONEOS_DEPLOYMENT_TARGET = 17.4;
				LOCALIZATION_PREFERS_STRING_CATALOGS = YES;
				MTL_ENABLE_DEBUG_INFO = INCLUDE_SOURCE;
				MTL_FAST_MATH = YES;
				ONLY_ACTIVE_ARCH = YES;
				SDKROOT = iphoneos;
				SWIFT_ACTIVE_COMPILATION_CONDITIONS = "DEBUG $(inherited)";
				SWIFT_OPTIMIZATION_LEVEL = "-Onone";
			};
			name = Debug;
		};
		EB86F27E2BF2AE2B002BB9F6 /* Release */ = {
			isa = XCBuildConfiguration;
			buildSettings = {
				ALWAYS_SEARCH_USER_PATHS = NO;
				ASSETCATALOG_COMPILER_GENERATE_SWIFT_ASSET_SYMBOL_EXTENSIONS = YES;
				CLANG_ANALYZER_NONNULL = YES;
				CLANG_ANALYZER_NUMBER_OBJECT_CONVERSION = YES_AGGRESSIVE;
				CLANG_CXX_LANGUAGE_STANDARD = "gnu++20";
				CLANG_ENABLE_MODULES = YES;
				CLANG_ENABLE_OBJC_ARC = YES;
				CLANG_ENABLE_OBJC_WEAK = YES;
				CLANG_WARN_BLOCK_CAPTURE_AUTORELEASING = YES;
				CLANG_WARN_BOOL_CONVERSION = YES;
				CLANG_WARN_COMMA = YES;
				CLANG_WARN_CONSTANT_CONVERSION = YES;
				CLANG_WARN_DEPRECATED_OBJC_IMPLEMENTATIONS = YES;
				CLANG_WARN_DIRECT_OBJC_ISA_USAGE = YES_ERROR;
				CLANG_WARN_DOCUMENTATION_COMMENTS = YES;
				CLANG_WARN_EMPTY_BODY = YES;
				CLANG_WARN_ENUM_CONVERSION = YES;
				CLANG_WARN_INFINITE_RECURSION = YES;
				CLANG_WARN_INT_CONVERSION = YES;
				CLANG_WARN_NON_LITERAL_NULL_CONVERSION = YES;
				CLANG_WARN_OBJC_IMPLICIT_RETAIN_SELF = YES;
				CLANG_WARN_OBJC_LITERAL_CONVERSION = YES;
				CLANG_WARN_OBJC_ROOT_CLASS = YES_ERROR;
				CLANG_WARN_QUOTED_INCLUDE_IN_FRAMEWORK_HEADER = YES;
				CLANG_WARN_RANGE_LOOP_ANALYSIS = YES;
				CLANG_WARN_STRICT_PROTOTYPES = YES;
				CLANG_WARN_SUSPICIOUS_MOVE = YES;
				CLANG_WARN_UNGUARDED_AVAILABILITY = YES_AGGRESSIVE;
				CLANG_WARN_UNREACHABLE_CODE = YES;
				CLANG_WARN__DUPLICATE_METHOD_MATCH = YES;
				COPY_PHASE_STRIP = NO;
				DEBUG_INFORMATION_FORMAT = "dwarf-with-dsym";
				ENABLE_NS_ASSERTIONS = NO;
				ENABLE_STRICT_OBJC_MSGSEND = YES;
				ENABLE_USER_SCRIPT_SANDBOXING = YES;
				GCC_C_LANGUAGE_STANDARD = gnu17;
				GCC_NO_COMMON_BLOCKS = YES;
				GCC_WARN_64_TO_32_BIT_CONVERSION = YES;
				GCC_WARN_ABOUT_RETURN_TYPE = YES_ERROR;
				GCC_WARN_UNDECLARED_SELECTOR = YES;
				GCC_WARN_UNINITIALIZED_AUTOS = YES_AGGRESSIVE;
				GCC_WARN_UNUSED_FUNCTION = YES;
				GCC_WARN_UNUSED_VARIABLE = YES;
				IPHONEOS_DEPLOYMENT_TARGET = 17.4;
				LOCALIZATION_PREFERS_STRING_CATALOGS = YES;
				MTL_ENABLE_DEBUG_INFO = NO;
				MTL_FAST_MATH = YES;
				SDKROOT = iphoneos;
				SWIFT_COMPILATION_MODE = wholemodule;
				VALIDATE_PRODUCT = YES;
			};
			name = Release;
		};
		EB86F2802BF2AE2B002BB9F6 /* Debug */ = {
			isa = XCBuildConfiguration;
			buildSettings = {
				ASSETCATALOG_COMPILER_APPICON_NAME = AppIcon;
				ASSETCATALOG_COMPILER_GLOBAL_ACCENT_COLOR_NAME = AccentColor;
				CODE_SIGN_STYLE = Automatic;
				CURRENT_PROJECT_VERSION = 1;
				DEVELOPMENT_ASSET_PATHS = "\"aquarium/Preview Content\"";
				ENABLE_PREVIEWS = YES;
				GENERATE_INFOPLIST_FILE = YES;
				INFOPLIST_FILE = aquarium/Info.plist;
				INFOPLIST_KEY_UIApplicationSceneManifest_Generation = YES;
				INFOPLIST_KEY_UIApplicationSupportsIndirectInputEvents = YES;
				INFOPLIST_KEY_UILaunchScreen_Generation = YES;
				INFOPLIST_KEY_UISupportedInterfaceOrientations_iPad = "UIInterfaceOrientationPortrait UIInterfaceOrientationPortraitUpsideDown UIInterfaceOrientationLandscapeLeft UIInterfaceOrientationLandscapeRight";
				INFOPLIST_KEY_UISupportedInterfaceOrientations_iPhone = "UIInterfaceOrientationPortrait UIInterfaceOrientationLandscapeLeft UIInterfaceOrientationLandscapeRight";
				LD_RUNPATH_SEARCH_PATHS = (
					"$(inherited)",
					"@executable_path/Frameworks",
				);
				MARKETING_VERSION = 1.0;
				PRODUCT_BUNDLE_IDENTIFIER = br.ufpe.cin.ada.rss.aquarium;
				PRODUCT_NAME = "$(TARGET_NAME)";
				SWIFT_EMIT_LOC_STRINGS = YES;
				SWIFT_VERSION = 5.0;
				TARGETED_DEVICE_FAMILY = "1,2";
			};
			name = Debug;
		};
		EB86F2812BF2AE2B002BB9F6 /* Release */ = {
			isa = XCBuildConfiguration;
			buildSettings = {
				ASSETCATALOG_COMPILER_APPICON_NAME = AppIcon;
				ASSETCATALOG_COMPILER_GLOBAL_ACCENT_COLOR_NAME = AccentColor;
				CODE_SIGN_STYLE = Automatic;
				CURRENT_PROJECT_VERSION = 1;
				DEVELOPMENT_ASSET_PATHS = "\"aquarium/Preview Content\"";
				ENABLE_PREVIEWS = YES;
				GENERATE_INFOPLIST_FILE = YES;
				INFOPLIST_FILE = aquarium/Info.plist;
				INFOPLIST_KEY_UIApplicationSceneManifest_Generation = YES;
				INFOPLIST_KEY_UIApplicationSupportsIndirectInputEvents = YES;
				INFOPLIST_KEY_UILaunchScreen_Generation = YES;
				INFOPLIST_KEY_UISupportedInterfaceOrientations_iPad = "UIInterfaceOrientationPortrait UIInterfaceOrientationPortraitUpsideDown UIInterfaceOrientationLandscapeLeft UIInterfaceOrientationLandscapeRight";
				INFOPLIST_KEY_UISupportedInterfaceOrientations_iPhone = "UIInterfaceOrientationPortrait UIInterfaceOrientationLandscapeLeft UIInterfaceOrientationLandscapeRight";
				LD_RUNPATH_SEARCH_PATHS = (
					"$(inherited)",
					"@executable_path/Frameworks",
				);
				MARKETING_VERSION = 1.0;
				PRODUCT_BUNDLE_IDENTIFIER = br.ufpe.cin.ada.rss.aquarium;
				PRODUCT_NAME = "$(TARGET_NAME)";
				SWIFT_EMIT_LOC_STRINGS = YES;
				SWIFT_VERSION = 5.0;
				TARGETED_DEVICE_FAMILY = "1,2";
			};
			name = Release;
		};
/* End XCBuildConfiguration section */

/* Begin XCConfigurationList section */
		EB86F26C2BF2AE2A002BB9F6 /* Build configuration list for PBXProject "aquarium" */ = {
			isa = XCConfigurationList;
			buildConfigurations = (
				EB86F27D2BF2AE2B002BB9F6 /* Debug */,
				EB86F27E2BF2AE2B002BB9F6 /* Release */,
			);
			defaultConfigurationIsVisible = 0;
			defaultConfigurationName = Release;
		};
		EB86F27F2BF2AE2B002BB9F6 /* Build configuration list for PBXNativeTarget "aquarium" */ = {
			isa = XCConfigurationList;
			buildConfigurations = (
				EB86F2802BF2AE2B002BB9F6 /* Debug */,
				EB86F2812BF2AE2B002BB9F6 /* Release */,
			);
			defaultConfigurationIsVisible = 0;
			defaultConfigurationName = Release;
		};
/* End XCConfigurationList section */
	};
	rootObject = EB86F2692BF2AE2A002BB9F6 /* Project object */;
}
